
Microsoft Visual Studio Solution File, Format Version 12.00
# Visual Studio 15
VisualStudioVersion = 15.0.27428.2037
MinimumVisualStudioVersion = 10.0.40219.1
Project("{FAE04EC0-301F-11D3-BF4B-00C04F79EFBC}") = "RegionAssetEditor", "RegionAssetEditor\RegionAssetEditor.csproj", "{285C62CE-5F62-4004-9EB9-E7EEAE6ACDDF}"
EndProject
Project("{FAE04EC0-301F-11D3-BF4B-00C04F79EFBC}") = "MEXODataAPI", "..\..\MEX OData API\trunk\MEXODataAPI\MEXODataAPI.csproj", "{BB5AE988-26C8-4FB0-8153-4B1998827BCE}"
EndProject
Global
	GlobalSection(SolutionConfigurationPlatforms) = preSolution
		Debug|Any CPU = Debug|Any CPU
		Release|Any CPU = Release|Any CPU
	EndGlobalSection
	GlobalSection(ProjectConfigurationPlatforms) = postSolution
		{285C62CE-5F62-4004-9EB9-E7EEAE6ACDDF}.Debug|Any CPU.ActiveCfg = Debug|Any CPU
		{285C62CE-5F62-4004-9EB9-E7EEAE6ACDDF}.Debug|Any CPU.Build.0 = Debug|Any CPU
		{285C62CE-5F62-4004-9EB9-E7EEAE6ACDDF}.Release|Any CPU.ActiveCfg = Release|Any CPU
		{285C62CE-5F62-4004-9EB9-E7EEAE6ACDDF}.Release|Any CPU.Build.0 = Release|Any CPU
		{BB5AE988-26C8-4FB0-8153-4B1998827BCE}.Debug|Any CPU.ActiveCfg = Debug|Any CPU
		{BB5AE988-26C8-4FB0-8153-4B1998827BCE}.Debug|Any CPU.Build.0 = Debug|Any CPU
		{BB5AE988-26C8-4FB0-8153-4B1998827BCE}.Release|Any CPU.ActiveCfg = Release|Any CPU
		{BB5AE988-26C8-4FB0-8153-4B1998827BCE}.Release|Any CPU.Build.0 = Release|Any CPU
	EndGlobalSection
	GlobalSection(SolutionProperties) = preSolution
		HideSolutionNode = FALSE
	EndGlobalSection
	GlobalSection(ExtensibilityGlobals) = postSolution
		SolutionGuid = {CAB8123A-BB72-4B16-8B4E-72FE54F1270E}
	EndGlobalSection
EndGlobal
